
Microsoft Visual Studio Solution File, Format Version 12.00
# Visual Studio 15
VisualStudioVersion = 15.0.27004.2008
MinimumVisualStudioVersion = 10.0.40219.1
Project("{8BC9CEB8-8B4A-11D0-8D11-00A0C91BC942}") = "Complex", "Complex\Complex.vcxproj", "{F18EC34C-1494-4B3D-8BBE-32CA5569C79E}"
EndProject
Global
	GlobalSection(SolutionConfigurationPlatforms) = preSolution
		Debug|x64 = Debug|x64
		Debug|x86 = Debug|x86
		Release|x64 = Release|x64
		Release|x86 = Release|x86
	EndGlobalSection
	GlobalSection(ProjectConfigurationPlatforms) = postSolution
		{F18EC34C-1494-4B3D-8BBE-32CA5569C79E}.Debug|x64.ActiveCfg = Debug|x64
		{F18EC34C-1494-4B3D-8BBE-32CA5569C79E}.Debug|x64.Build.0 = Debug|x64
		{F18EC34C-1494-4B3D-8BBE-32CA5569C79E}.Debug|x86.ActiveCfg = Debug|Win32
		{F18EC34C-1494-4B3D-8BBE-32CA5569C79E}.Debug|x86.Build.0 = Debug|Win32
		{F18EC34C-1494-4B3D-8BBE-32CA5569C79E}.Release|x64.ActiveCfg = Release|x64
		{F18EC34C-1494-4B3D-8BBE-32CA5569C79E}.Release|x64.Build.0 = Release|x64
		{F18EC34C-1494-4B3D-8BBE-32CA5569C79E}.Release|x86.ActiveCfg = Release|Win32
		{F18EC34C-1494-4B3D-8BBE-32CA5569C79E}.Release|x86.Build.0 = Release|Win32
	EndGlobalSection
	GlobalSection(SolutionProperties) = preSolution
		HideSolutionNode = FALSE
	EndGlobalSection
	GlobalSection(ExtensibilityGlobals) = postSolution
		SolutionGuid = {12557B70-D450-4463-8AE1-FF12AF200C87}
	EndGlobalSection
EndGlobal
